{
  "name": "le-table",
  "version": "9.0.0",
  "lockfileVersion": 3,
  "requires": true,
  "packages": {
    "": {
      "name": "le-table",
      "version": "9.0.0",
      "license": "MIT",
      "dependencies": {
        "ansi-parser": "^3.2.1",
        "cli-box": "^6.0.0",
        "overlap": "^2.2.1",
        "ul": "^5.2.1"
      },
      "devDependencies": {}
    },
    "node_modules/ansi-parser": {
      "version": "3.2.11",
      "resolved": "https://registry.npmjs.org/ansi-parser/-/ansi-parser-3.2.11.tgz",
      "integrity": "sha512-HeEwCVf/pI9qQUVaTkoDBl9U/QU4RvWJ+Trg1jNSNvDzFsBAId6fHv6VLiC7HzwrOiL8uOEkO5T1eTgpnTFQfQ==",
      "license": "MIT"
    },
    "node_modules/cli-box": {
      "version": "6.0.11",
      "resolved": "https://registry.npmjs.org/cli-box/-/cli-box-6.0.11.tgz",
      "integrity": "sha512-ZwzIMs85fR3r01gVcfo3nFgwkPLoTIQNq//iFojRjFGTdxcxxM+4qnffPEfgqmv4/JPV/lqaMmEcoBSt46bjcg==",
      "license": "MIT",
      "dependencies": {
        "ansi-parser": "^3.2.1",
        "deffy": "^2.2.1",
        "is-undefined": "^1.0.0",
        "is-win": "^1.0.0",
        "ul": "^5.2.1"
      }
    },
    "node_modules/couleurs": {
      "version": "5.0.0",
      "resolved": "https://registry.npmjs.org/couleurs/-/couleurs-5.0.0.tgz",
      "integrity": "sha512-B+loDDlwPNwI27lC2WLJX9EqDhYV97nkUq4in2mJVco3P53hDztcIu3kUhrqS4+eb6w7dL9WcXADkn7V2DQFOw==",
      "license": "KINDLY",
      "dependencies": {
        "flat-colors": "3.0.0",
        "typpy": "2.0.0",
        "x256": "0.0.2"
      }
    },
    "node_modules/couleurs/node_modules/typpy": {
      "version": "2.0.0",
      "resolved": "https://registry.npmjs.org/typpy/-/typpy-2.0.0.tgz",
      "integrity": "sha512-IucehPujjCCGqmRNLfJwwDXRDleVfnt/dKMQhQWJv8q62dXb6TuJs3zscdtq1agk+po5E+WweZ9RS0VMuaXXfg==",
      "license": "KINDLY"
    },
    "node_modules/deffy": {
      "version": "2.2.5",
      "resolved": "https://registry.npmjs.org/deffy/-/deffy-2.2.5.tgz",
      "integrity": "sha512-6TX2cfIo97eKqWmqgMDAUulCwnveAe3K+4VGsTGPJsL3NtSEnSBFZ3sUXdS4EBhZ8GbdaZBzXQ04ton18dJrug==",
      "license": "MIT",
      "dependencies": {
        "typpy": "^2.0.0"
      }
    },
    "node_modules/flat-colors": {
      "version": "3.0.0",
      "resolved": "https://registry.npmjs.org/flat-colors/-/flat-colors-3.0.0.tgz",
      "integrity": "sha512-UDm0W6LZOdQL0kfbHW1/hohk4bws+ypeww4SyKv5Kn0CIzWWn2blNLLv4nWFuVt5NFv6PHWQYzuHf0uWqiX56g==",
      "license": "KINDLY"
    },
    "node_modules/function.name": {
      "version": "1.0.14",
      "resolved": "https://registry.npmjs.org/function.name/-/function.name-1.0.14.tgz",
      "integrity": "sha512-s99L814NRuLxwF2sJMIcLhkQhueGXb3oKyvorzrUKKwlVB0SBbWrgZt4+EwKAo3ujCXnT7vshmCvXgZA09kCMw==",
      "license": "MIT",
      "dependencies": {
        "noop6": "^1.0.1"
      }
    },
    "node_modules/is-undefined": {
      "version": "1.0.12",
      "resolved": "https://registry.npmjs.org/is-undefined/-/is-undefined-1.0.12.tgz",
      "integrity": "sha512-qaX2mymwUhMq+NQPnx5iR/u2PgqhL6jLzDunMmonOgVofqoFhxzd6kOmiL0DLYZUkN/RvNWYPenoANVn5phlaA==",
      "license": "MIT"
    },
    "node_modules/is-win": {
      "version": "1.0.11",
      "resolved": "https://registry.npmjs.org/is-win/-/is-win-1.0.11.tgz",
      "integrity": "sha512-+XpgpizPqNzohXiqme7pfhAhpoG0Eo+CtuSx/XYW4enarERuheDbNbFrm4+XYylpV1w/eI+si5itFA0RfCWjog==",
      "license": "MIT"
    },
    "node_modules/noop6": {
      "version": "1.0.10",
      "resolved": "https://registry.npmjs.org/noop6/-/noop6-1.0.10.tgz",
      "integrity": "sha512-WZvuCILZFZHK+WuqCQwxLBGllkBK1ct8s8Mu9FMDbEsBE6/bqNxyFGbX7Xky+6bYFL8X2Ou4Cis4CJyrwXLvQA==",
      "license": "MIT"
    },
    "node_modules/overlap": {
      "version": "2.2.11",
      "resolved": "https://registry.npmjs.org/overlap/-/overlap-2.2.11.tgz",
      "integrity": "sha512-2MtQltB3iCr3GQ/SDXiQkLiJQuStloTW0XwcdOLuvjCdwMLgXKjYvskrl0gphgXoR8jGYVGDpKUh/KuAL8gvfQ==",
      "license": "MIT",
      "dependencies": {
        "ansi-parser": "3.0.0",
        "cli-box": "5.0.0",
        "couleurs": "5.0.0"
      }
    },
    "node_modules/overlap/node_modules/ansi-parser": {
      "version": "3.0.0",
      "resolved": "https://registry.npmjs.org/ansi-parser/-/ansi-parser-3.0.0.tgz",
      "integrity": "sha512-edNYJqqmeQJ+N7YV6gWQ4xAumqctsOchnNVDZEHsMSVZcytGLwq9SbGDwm9Jg+XpPNdl6zSGgujFRqiu1PmFYg==",
      "license": "KINDLY"
    },
    "node_modules/overlap/node_modules/cli-box": {
      "version": "5.0.0",
      "resolved": "https://registry.npmjs.org/cli-box/-/cli-box-5.0.0.tgz",
      "integrity": "sha512-1ukDhxQ1nSgfupVOH2v6+meRlKLHjTaSdCPTFjUOtAjQvFsDEWeW08gySk8o5dr+biPosooNmfle28ighmTEPA==",
      "license": "KINDLY",
      "dependencies": {
        "ansi-parser": "3.0.0",
        "ul": "5.0.0"
      }
    },
    "node_modules/overlap/node_modules/deffy": {
      "version": "2.0.0",
      "resolved": "https://registry.npmjs.org/deffy/-/deffy-2.0.0.tgz",
      "integrity": "sha512-Gcn10MX982lqx8XmJES2JvN8Im7h0lFwRanyQfkQG2wXko4SouD0pSGUlK6Do165Itfidhpssn6NqlRkKp/4ig==",
      "license": "KINDLY",
      "dependencies": {
        "typpy": "^2.0.0"
      }
    },
    "node_modules/overlap/node_modules/typpy": {
      "version": "2.0.0",
      "resolved": "https://registry.npmjs.org/typpy/-/typpy-2.0.0.tgz",
      "integrity": "sha512-IucehPujjCCGqmRNLfJwwDXRDleVfnt/dKMQhQWJv8q62dXb6TuJs3zscdtq1agk+po5E+WweZ9RS0VMuaXXfg==",
      "license": "KINDLY"
    },
    "node_modules/overlap/node_modules/ul": {
      "version": "5.0.0",
      "resolved": "https://registry.npmjs.org/ul/-/ul-5.0.0.tgz",
      "integrity": "sha512-/wMRf3ZchW/MHV8M0fWhxhUTeJAOgrxt6u/9snab4xuMTkCuHo7TH7nyMZxrsjNobAFC8UhCNwlwVVQdVbcf1w==",
      "license": "KINDLY",
      "dependencies": {
        "deffy": "2.0.0",
        "typpy": "2.0.0"
      }
    },
    "node_modules/typpy": {
      "version": "2.4.0",
      "resolved": "https://registry.npmjs.org/typpy/-/typpy-2.4.0.tgz",
      "integrity": "sha512-a16Uv5doNtvHzaG4wZCHmXN+l9xxmTMpyODtPz7B3DSTsDVNXilTSJGuNw68sUh0Un4bf+ghRMbEcJCI6r06mQ==",
      "license": "MIT",
      "dependencies": {
        "function.name": "^1.0.3"
      }
    },
    "node_modules/ul": {
      "version": "5.2.16",
      "resolved": "https://registry.npmjs.org/ul/-/ul-5.2.16.tgz",
      "integrity": "sha512-v1YrSEsJZpJsywzF/MKgsQwMdOwBlwwmNiUOJh/yX6FHrq7dYjeua1YOhLV0q0KioqEFZC4P7MsKmpEsGdZz3w==",
      "license": "MIT",
      "dependencies": {
        "deffy": "^2.2.2",
        "typpy": "^2.3.4"
      }
    },
    "node_modules/x256": {
      "version": "0.0.2",
      "resolved": "https://registry.npmjs.org/x256/-/x256-0.0.2.tgz",
      "integrity": "sha512-ZsIH+sheoF8YG9YG+QKEEIdtqpHRA9FYuD7MqhfyB1kayXU43RUNBFSxBEnF8ywSUxdg+8no4+bPr5qLbyxKgA==",
      "license": "MIT",
      "engines": {
        "node": ">=0.4.0"
      }
    }
  }
}
